
Microsoft Visual Studio Solution File, Format Version 12.00
# Visual Studio Version 17
VisualStudioVersion = 17.3.32929.385
MinimumVisualStudioVersion = 10.0.40219.1
Project("{FAE04EC0-301F-11D3-BF4B-00C04F79EFBC}") = "SignalRService", "SignalRService\SignalRService.csproj", "{2A1C8D06-3D84-47F7-89BA-841AC7662651}"
EndProject
Project("{54435603-DBB4-11D2-8724-00A0C9A8B90C}") = "ServiceSetup", "ServiceSetup\ServiceSetup.vdproj", "{7519F78B-AFD5-40C1-BC6A-0BA0962DABD6}"
EndProject
Global
	GlobalSection(SolutionConfigurationPlatforms) = preSolution
		Debug|Any CPU = Debug|Any CPU
		Release|Any CPU = Release|Any CPU
	EndGlobalSection
	GlobalSection(ProjectConfigurationPlatforms) = postSolution
		{2A1C8D06-3D84-47F7-89BA-841AC7662651}.Debug|Any CPU.ActiveCfg = Debug|Any CPU
		{2A1C8D06-3D84-47F7-89BA-841AC7662651}.Debug|Any CPU.Build.0 = Debug|Any CPU
		{2A1C8D06-3D84-47F7-89BA-841AC7662651}.Release|Any CPU.ActiveCfg = Release|Any CPU
		{2A1C8D06-3D84-47F7-89BA-841AC7662651}.Release|Any CPU.Build.0 = Release|Any CPU
		{7519F78B-AFD5-40C1-BC6A-0BA0962DABD6}.Debug|Any CPU.ActiveCfg = Debug
		{7519F78B-AFD5-40C1-BC6A-0BA0962DABD6}.Release|Any CPU.ActiveCfg = Release
	EndGlobalSection
	GlobalSection(SolutionProperties) = preSolution
		HideSolutionNode = FALSE
	EndGlobalSection
	GlobalSection(ExtensibilityGlobals) = postSolution
		SolutionGuid = {EC1FF022-2D43-44C3-9C0B-A62098A3F94B}
	EndGlobalSection
EndGlobal
